// !$*UTF8*$!
{
	archiveVersion = 1;
	classes = {
	};
	objectVersion = 56;
	objects = {

/* Begin PBXBuildFile section */
		AE48C3B92C0AA621004DC31D /* AppDelegate.swift in Sources */ = {isa = PBXBuildFile; fileRef = AE48C3B82C0AA621004DC31D /* AppDelegate.swift */; };
		AE48C3BB2C0AA621004DC31D /* SceneDelegate.swift in Sources */ = {isa = PBXBuildFile; fileRef = AE48C3BA2C0AA621004DC31D /* SceneDelegate.swift */; };
		AE48C3BD2C0AA621004DC31D /* ViewController.swift in Sources */ = {isa = PBXBuildFile; fileRef = AE48C3BC2C0AA621004DC31D /* ViewController.swift */; };
		AE48C3C02C0AA621004DC31D /* Base in Resources */ = {isa = PBXBuildFile; fileRef = AE48C3BF2C0AA621004DC31D /* Base */; };
		AE48C3C22C0AA622004DC31D /* Assets.xcassets in Resources */ = {isa = PBXBuildFile; fileRef = AE48C3C12C0AA622004DC31D /* Assets.xcassets */; };
		AE48C3C52C0AA622004DC31D /* Base in Resources */ = {isa = PBXBuildFile; fileRef = AE48C3C42C0AA622004DC31D /* Base */; };
		AE48C3CD2C0AA6EC004DC31D /* TemperatureView.swift in Sources */ = {isa = PBXBuildFile; fileRef = AE48C3CC2C0AA6EC004DC31D /* TemperatureView.swift */; };
		AE48C3CF2C0AB2CF004DC31D /* DayView.swift in Sources */ = {isa = PBXBuildFile; fileRef = AE48C3CE2C0AB2CF004DC31D /* DayView.swift */; };
		AE48C3D12C0AB942004DC31D /* HourColumnView.swift in Sources */ = {isa = PBXBuildFile; fileRef = AE48C3D02C0AB942004DC31D /* HourColumnView.swift */; };
/* End PBXBuildFile section */

/* Begin PBXFileReference section */
		AE48C3B52C0AA621004DC31D /* AppleWeatherClone.app */ = {isa = PBXFileReference; explicitFileType = wrapper.application; includeInIndex = 0; path = AppleWeatherClone.app; sourceTree = BUILT_PRODUCTS_DIR; };
		AE48C3B82C0AA621004DC31D /* AppDelegate.swift */ = {isa = PBXFileReference; lastKnownFileType = sourcecode.swift; path = AppDelegate.swift; sourceTree = "<group>"; };
		AE48C3BA2C0AA621004DC31D /* SceneDelegate.swift */ = {isa = PBXFileReference; lastKnownFileType = sourcecode.swift; path = SceneDelegate.swift; sourceTree = "<group>"; };
		AE48C3BC2C0AA621004DC31D /* ViewController.swift */ = {isa = PBXFileReference; lastKnownFileType = sourcecode.swift; path = ViewController.swift; sourceTree = "<group>"; };
		AE48C3BF2C0AA621004DC31D /* Base */ = {isa = PBXFileReference; lastKnownFileType = file.storyboard; name = Base; path = Base.lproj/Main.storyboard; sourceTree = "<group>"; };
		AE48C3C12C0AA622004DC31D /* Assets.xcassets */ = {isa = PBXFileReference; lastKnownFileType = folder.assetcatalog; path = Assets.xcassets; sourceTree = "<group>"; };
		AE48C3C42C0AA622004DC31D /* Base */ = {isa = PBXFileReference; lastKnownFileType = file.storyboard; name = Base; path = Base.lproj/LaunchScreen.storyboard; sourceTree = "<group>"; };
		AE48C3C62C0AA622004DC31D /* Info.plist */ = {isa = PBXFileReference; lastKnownFileType = text.plist.xml; path = Info.plist; sourceTree = "<group>"; };
		AE48C3CC2C0AA6EC004DC31D /* TemperatureView.swift */ = {isa = PBXFileReference; lastKnownFileType = sourcecode.swift; path = TemperatureView.swift; sourceTree = "<group>"; };
		AE48C3CE2C0AB2CF004DC31D /* DayView.swift */ = {isa = PBXFileReference; lastKnownFileType = sourcecode.swift; path = DayView.swift; sourceTree = "<group>"; };
		AE48C3D02C0AB942004DC31D /* HourColumnView.swift */ = {isa = PBXFileReference; lastKnownFileType = sourcecode.swift; path = HourColumnView.swift; sourceTree = "<group>"; };
/* End PBXFileReference section */

/* Begin PBXFrameworksBuildPhase section */
		AE48C3B22C0AA621004DC31D /* Frameworks */ = {
			isa = PBXFrameworksBuildPhase;
			buildActionMask = 2147483647;
			files = (
			);
			runOnlyForDeploymentPostprocessing = 0;
		};
/* End PBXFrameworksBuildPhase section */

/* Begin PBXGroup section */
		AE48C3AC2C0AA621004DC31D = {
			isa = PBXGroup;
			children = (
				AE48C3B72C0AA621004DC31D /* AppleWeatherClone */,
				AE48C3B62C0AA621004DC31D /* Products */,
			);
			sourceTree = "<group>";
		};
		AE48C3B62C0AA621004DC31D /* Products */ = {
			isa = PBXGroup;
			children = (
				AE48C3B52C0AA621004DC31D /* AppleWeatherClone.app */,
			);
			name = Products;
			sourceTree = "<group>";
		};
		AE48C3B72C0AA621004DC31D /* AppleWeatherClone */ = {
			isa = PBXGroup;
			children = (
				AE48C3B82C0AA621004DC31D /* AppDelegate.swift */,
				AE48C3BA2C0AA621004DC31D /* SceneDelegate.swift */,
				AE48C3BC2C0AA621004DC31D /* ViewController.swift */,
				AE48C3CC2C0AA6EC004DC31D /* TemperatureView.swift */,
				AE48C3CE2C0AB2CF004DC31D /* DayView.swift */,
				AE48C3D02C0AB942004DC31D /* HourColumnView.swift */,
				AE48C3BE2C0AA621004DC31D /* Main.storyboard */,
				AE48C3C12C0AA622004DC31D /* Assets.xcassets */,
				AE48C3C32C0AA622004DC31D /* LaunchScreen.storyboard */,
				AE48C3C62C0AA622004DC31D /* Info.plist */,
			);
			path = AppleWeatherClone;
			sourceTree = "<group>";
		};
/* End PBXGroup section */

/* Begin PBXNativeTarget section */
		AE48C3B42C0AA621004DC31D /* AppleWeatherClone */ = {
			isa = PBXNativeTarget;
			buildConfigurationList = AE48C3C92C0AA622004DC31D /* Build configuration list for PBXNativeTarget "AppleWeatherClone" */;
			buildPhases = (
				AE48C3B12C0AA621004DC31D /* Sources */,
				AE48C3B22C0AA621004DC31D /* Frameworks */,
				AE48C3B32C0AA621004DC31D /* Resources */,
			);
			buildRules = (
			);
			dependencies = (
			);
			name = AppleWeatherClone;
			productName = AppleWeatherClone;
			productReference = AE48C3B52C0AA621004DC31D /* AppleWeatherClone.app */;
			productType = "com.apple.product-type.application";
		};
/* End PBXNativeTarget section */

/* Begin PBXProject section */
		AE48C3AD2C0AA621004DC31D /* Project object */ = {
			isa = PBXProject;
			attributes = {
				BuildIndependentTargetsInParallel = 1;
				LastSwiftUpdateCheck = 1540;
				LastUpgradeCheck = 1540;
				TargetAttributes = {
					AE48C3B42C0AA621004DC31D = {
						CreatedOnToolsVersion = 15.4;
					};
				};
			};
			buildConfigurationList = AE48C3B02C0AA621004DC31D /* Build configuration list for PBXProject "AppleWeatherClone" */;
			compatibilityVersion = "Xcode 14.0";
			developmentRegion = en;
			hasScannedForEncodings = 0;
			knownRegions = (
				en,
				Base,
			);
			mainGroup = AE48C3AC2C0AA621004DC31D;
			productRefGroup = AE48C3B62C0AA621004DC31D /* Products */;
			projectDirPath = "";
			projectRoot = "";
			targets = (
				AE48C3B42C0AA621004DC31D /* AppleWeatherClone */,
			);
		};
/* End PBXProject section */

/* Begin PBXResourcesBuildPhase section */
		AE48C3B32C0AA621004DC31D /* Resources */ = {
			isa = PBXResourcesBuildPhase;
			buildActionMask = 2147483647;
			files = (
				AE48C3C22C0AA622004DC31D /* Assets.xcassets in Resources */,
				AE48C3C52C0AA622004DC31D /* Base in Resources */,
				AE48C3C02C0AA621004DC31D /* Base in Resources */,
			);
			runOnlyForDeploymentPostprocessing = 0;
		};
/* End PBXResourcesBuildPhase section */

/* Begin PBXSourcesBuildPhase section */
		AE48C3B12C0AA621004DC31D /* Sources */ = {
			isa = PBXSourcesBuildPhase;
			buildActionMask = 2147483647;
			files = (
				AE48C3BD2C0AA621004DC31D /* ViewController.swift in Sources */,
				AE48C3CF2C0AB2CF004DC31D /* DayView.swift in Sources */,
				AE48C3D12C0AB942004DC31D /* HourColumnView.swift in Sources */,
				AE48C3CD2C0AA6EC004DC31D /* TemperatureView.swift in Sources */,
				AE48C3B92C0AA621004DC31D /* AppDelegate.swift in Sources */,
				AE48C3BB2C0AA621004DC31D /* SceneDelegate.swift in Sources */,
			);
			runOnlyForDeploymentPostprocessing = 0;
		};
/* End PBXSourcesBuildPhase section */

/* Begin PBXVariantGroup section */
		AE48C3BE2C0AA621004DC31D /* Main.storyboard */ = {
			isa = PBXVariantGroup;
			children = (
				AE48C3BF2C0AA621004DC31D /* Base */,
			);
			name = Main.storyboard;
			sourceTree = "<group>";
		};
		AE48C3C32C0AA622004DC31D /* LaunchScreen.storyboard */ = {
			isa = PBXVariantGroup;
			children = (
				AE48C3C42C0AA622004DC31D /* Base */,
			);
			name = LaunchScreen.storyboard;
			sourceTree = "<group>";
		};
/* End PBXVariantGroup section */

/* Begin XCBuildConfiguration section */
		AE48C3C72C0AA622004DC31D /* Debug */ = {
			isa = XCBuildConfiguration;
			buildSettings = {
				ALWAYS_SEARCH_USER_PATHS = NO;
				ASSETCATALOG_COMPILER_GENERATE_SWIFT_ASSET_SYMBOL_EXTENSIONS = YES;
				CLANG_ANALYZER_NONNULL = YES;
				CLANG_ANALYZER_NUMBER_OBJECT_CONVERSION = YES_AGGRESSIVE;
				CLANG_CXX_LANGUAGE_STANDARD = "gnu++20";
				CLANG_ENABLE_MODULES = YES;
				CLANG_ENABLE_OBJC_ARC = YES;
				CLANG_ENABLE_OBJC_WEAK = YES;
				CLANG_WARN_BLOCK_CAPTURE_AUTORELEASING = YES;
				CLANG_WARN_BOOL_CONVERSION = YES;
				CLANG_WARN_COMMA = YES;
				CLANG_WARN_CONSTANT_CONVERSION = YES;
				CLANG_WARN_DEPRECATED_OBJC_IMPLEMENTATIONS = YES;
				CLANG_WARN_DIRECT_OBJC_ISA_USAGE = YES_ERROR;
				CLANG_WARN_DOCUMENTATION_COMMENTS = YES;
				CLANG_WARN_EMPTY_BODY = YES;
				CLANG_WARN_ENUM_CONVERSION = YES;
				CLANG_WARN_INFINITE_RECURSION = YES;
				CLANG_WARN_INT_CONVERSION = YES;
				CLANG_WARN_NON_LITERAL_NULL_CONVERSION = YES;
				CLANG_WARN_OBJC_IMPLICIT_RETAIN_SELF = YES;
				CLANG_WARN_OBJC_LITERAL_CONVERSION = YES;
				CLANG_WARN_OBJC_ROOT_CLASS = YES_ERROR;
				CLANG_WARN_QUOTED_INCLUDE_IN_FRAMEWORK_HEADER = YES;
				CLANG_WARN_RANGE_LOOP_ANALYSIS = YES;
				CLANG_WARN_STRICT_PROTOTYPES = YES;
				CLANG_WARN_SUSPICIOUS_MOVE = YES;
				CLANG_WARN_UNGUARDED_AVAILABILITY = YES_AGGRESSIVE;
				CLANG_WARN_UNREACHABLE_CODE = YES;
				CLANG_WARN__DUPLICATE_METHOD_MATCH = YES;
				COPY_PHASE_STRIP = NO;
				DEBUG_INFORMATION_FORMAT = dwarf;
				ENABLE_STRICT_OBJC_MSGSEND = YES;
				ENABLE_TESTABILITY = YES;
				ENABLE_USER_SCRIPT_SANDBOXING = YES;
				GCC_C_LANGUAGE_STANDARD = gnu17;
				GCC_DYNAMIC_NO_PIC = NO;
				GCC_NO_COMMON_BLOCKS = YES;
				GCC_OPTIMIZATION_LEVEL = 0;
				GCC_PREPROCESSOR_DEFINITIONS = (
					"DEBUG=1",
					"$(inherited)",
				);
				GCC_WARN_64_TO_32_BIT_CONVERSION = YES;
				GCC_WARN_ABOUT_RETURN_TYPE = YES_ERROR;
				GCC_WARN_UNDECLARED_SELECTOR = YES;
				GCC_WARN_UNINITIALIZED_AUTOS = YES_AGGRESSIVE;
				GCC_WARN_UNUSED_FUNCTION = YES;
				GCC_WARN_UNUSED_VARIABLE = YES;
				IPHONEOS_DEPLOYMENT_TARGET = 17.5;
				LOCALIZATION_PREFERS_STRING_CATALOGS = YES;
				MTL_ENABLE_DEBUG_INFO = INCLUDE_SOURCE;
				MTL_FAST_MATH = YES;
				ONLY_ACTIVE_ARCH = YES;
				SDKROOT = iphoneos;
				SWIFT_ACTIVE_COMPILATION_CONDITIONS = "DEBUG $(inherited)";
				SWIFT_OPTIMIZATION_LEVEL = "-Onone";
			};
			name = Debug;
		};
		AE48C3C82C0AA622004DC31D /* Release */ = {
			isa = XCBuildConfiguration;
			buildSettings = {
				ALWAYS_SEARCH_USER_PATHS = NO;
				ASSETCATALOG_COMPILER_GENERATE_SWIFT_ASSET_SYMBOL_EXTENSIONS = YES;
				CLANG_ANALYZER_NONNULL = YES;
				CLANG_ANALYZER_NUMBER_OBJECT_CONVERSION = YES_AGGRESSIVE;
				CLANG_CXX_LANGUAGE_STANDARD = "gnu++20";
				CLANG_ENABLE_MODULES = YES;
				CLANG_ENABLE_OBJC_ARC = YES;
				CLANG_ENABLE_OBJC_WEAK = YES;
				CLANG_WARN_BLOCK_CAPTURE_AUTORELEASING = YES;
				CLANG_WARN_BOOL_CONVERSION = YES;
				CLANG_WARN_COMMA = YES;
				CLANG_WARN_CONSTANT_CONVERSION = YES;
				CLANG_WARN_DEPRECATED_OBJC_IMPLEMENTATIONS = YES;
				CLANG_WARN_DIRECT_OBJC_ISA_USAGE = YES_ERROR;
				CLANG_WARN_DOCUMENTATION_COMMENTS = YES;
				CLANG_WARN_EMPTY_BODY = YES;
				CLANG_WARN_ENUM_CONVERSION = YES;
				CLANG_WARN_INFINITE_RECURSION = YES;
				CLANG_WARN_INT_CONVERSION = YES;
				CLANG_WARN_NON_LITERAL_NULL_CONVERSION = YES;
				CLANG_WARN_OBJC_IMPLICIT_RETAIN_SELF = YES;
				CLANG_WARN_OBJC_LITERAL_CONVERSION = YES;
				CLANG_WARN_OBJC_ROOT_CLASS = YES_ERROR;
				CLANG_WARN_QUOTED_INCLUDE_IN_FRAMEWORK_HEADER = YES;
				CLANG_WARN_RANGE_LOOP_ANALYSIS = YES;
				CLANG_WARN_STRICT_PROTOTYPES = YES;
				CLANG_WARN_SUSPICIOUS_MOVE = YES;
				CLANG_WARN_UNGUARDED_AVAILABILITY = YES_AGGRESSIVE;
				CLANG_WARN_UNREACHABLE_CODE = YES;
				CLANG_WARN__DUPLICATE_METHOD_MATCH = YES;
				COPY_PHASE_STRIP = NO;
				DEBUG_INFORMATION_FORMAT = "dwarf-with-dsym";
				ENABLE_NS_ASSERTIONS = NO;
				ENABLE_STRICT_OBJC_MSGSEND = YES;
				ENABLE_USER_SCRIPT_SANDBOXING = YES;
				GCC_C_LANGUAGE_STANDARD = gnu17;
				GCC_NO_COMMON_BLOCKS = YES;
				GCC_WARN_64_TO_32_BIT_CONVERSION = YES;
				GCC_WARN_ABOUT_RETURN_TYPE = YES_ERROR;
				GCC_WARN_UNDECLARED_SELECTOR = YES;
				GCC_WARN_UNINITIALIZED_AUTOS = YES_AGGRESSIVE;
				GCC_WARN_UNUSED_FUNCTION = YES;
				GCC_WARN_UNUSED_VARIABLE = YES;
				IPHONEOS_DEPLOYMENT_TARGET = 17.5;
				LOCALIZATION_PREFERS_STRING_CATALOGS = YES;
				MTL_ENABLE_DEBUG_INFO = NO;
				MTL_FAST_MATH = YES;
				SDKROOT = iphoneos;
				SWIFT_COMPILATION_MODE = wholemodule;
				VALIDATE_PRODUCT = YES;
			};
			name = Release;
		};
		AE48C3CA2C0AA622004DC31D /* Debug */ = {
			isa = XCBuildConfiguration;
			buildSettings = {
				ASSETCATALOG_COMPILER_APPICON_NAME = AppIcon;
				ASSETCATALOG_COMPILER_GLOBAL_ACCENT_COLOR_NAME = AccentColor;
				CODE_SIGN_STYLE = Automatic;
				CURRENT_PROJECT_VERSION = 1;
				DEVELOPMENT_TEAM = 723HTEFHBA;
				GENERATE_INFOPLIST_FILE = YES;
				INFOPLIST_FILE = AppleWeatherClone/Info.plist;
				INFOPLIST_KEY_UIApplicationSupportsIndirectInputEvents = YES;
				INFOPLIST_KEY_UILaunchStoryboardName = LaunchScreen;
				INFOPLIST_KEY_UISupportedInterfaceOrientations_iPad = "UIInterfaceOrientationPortrait UIInterfaceOrientationPortraitUpsideDown UIInterfaceOrientationLandscapeLeft UIInterfaceOrientationLandscapeRight";
				INFOPLIST_KEY_UISupportedInterfaceOrientations_iPhone = "UIInterfaceOrientationPortrait UIInterfaceOrientationLandscapeLeft UIInterfaceOrientationLandscapeRight";
				INFOPLIST_KEY_UIUserInterfaceStyle = Dark;
				LD_RUNPATH_SEARCH_PATHS = (
					"$(inherited)",
					"@executable_path/Frameworks",
				);
				MARKETING_VERSION = 1.0;
				PRODUCT_BUNDLE_IDENTIFIER = ru.fibeapp.AppleWeatherClone;
				PRODUCT_NAME = "$(TARGET_NAME)";
				SWIFT_EMIT_LOC_STRINGS = YES;
				SWIFT_VERSION = 5.0;
				TARGETED_DEVICE_FAMILY = "1,2";
			};
			name = Debug;
		};
		AE48C3CB2C0AA622004DC31D /* Release */ = {
			isa = XCBuildConfiguration;
			buildSettings = {
				ASSETCATALOG_COMPILER_APPICON_NAME = AppIcon;
				ASSETCATALOG_COMPILER_GLOBAL_ACCENT_COLOR_NAME = AccentColor;
				CODE_SIGN_STYLE = Automatic;
				CURRENT_PROJECT_VERSION = 1;
				DEVELOPMENT_TEAM = 723HTEFHBA;
				GENERATE_INFOPLIST_FILE = YES;
				INFOPLIST_FILE = AppleWeatherClone/Info.plist;
				INFOPLIST_KEY_UIApplicationSupportsIndirectInputEvents = YES;
				INFOPLIST_KEY_UILaunchStoryboardName = LaunchScreen;
				INFOPLIST_KEY_UISupportedInterfaceOrientations_iPad = "UIInterfaceOrientationPortrait UIInterfaceOrientationPortraitUpsideDown UIInterfaceOrientationLandscapeLeft UIInterfaceOrientationLandscapeRight";
				INFOPLIST_KEY_UISupportedInterfaceOrientations_iPhone = "UIInterfaceOrientationPortrait UIInterfaceOrientationLandscapeLeft UIInterfaceOrientationLandscapeRight";
				INFOPLIST_KEY_UIUserInterfaceStyle = Dark;
				LD_RUNPATH_SEARCH_PATHS = (
					"$(inherited)",
					"@executable_path/Frameworks",
				);
				MARKETING_VERSION = 1.0;
				PRODUCT_BUNDLE_IDENTIFIER = ru.fibeapp.AppleWeatherClone;
				PRODUCT_NAME = "$(TARGET_NAME)";
				SWIFT_EMIT_LOC_STRINGS = YES;
				SWIFT_VERSION = 5.0;
				TARGETED_DEVICE_FAMILY = "1,2";
			};
			name = Release;
		};
/* End XCBuildConfiguration section */

/* Begin XCConfigurationList section */
		AE48C3B02C0AA621004DC31D /* Build configuration list for PBXProject "AppleWeatherClone" */ = {
			isa = XCConfigurationList;
			buildConfigurations = (
				AE48C3C72C0AA622004DC31D /* Debug */,
				AE48C3C82C0AA622004DC31D /* Release */,
			);
			defaultConfigurationIsVisible = 0;
			defaultConfigurationName = Release;
		};
		AE48C3C92C0AA622004DC31D /* Build configuration list for PBXNativeTarget "AppleWeatherClone" */ = {
			isa = XCConfigurationList;
			buildConfigurations = (
				AE48C3CA2C0AA622004DC31D /* Debug */,
				AE48C3CB2C0AA622004DC31D /* Release */,
			);
			defaultConfigurationIsVisible = 0;
			defaultConfigurationName = Release;
		};
/* End XCConfigurationList section */
	};
	rootObject = AE48C3AD2C0AA621004DC31D /* Project object */;
}
